{
  "nodes": {
    "flake-parts": {
      "inputs": {
        "nixpkgs-lib": "nixpkgs-lib"
      },
      "locked": {
        "lastModified": 1760813311,
        "narHash": "sha256-lbHQ7FXGzt6/IygWvJ1lCq+Txcut3xYYd6VIpF1ojkg=",
        "owner": "hercules-ci",
        "repo": "flake-parts",
        "rev": "4e627ac2e1b8f1de7f5090064242de9a259dbbc8",
        "type": "github"
      },
      "original": {
        "id": "flake-parts",
        "type": "indirect"
      }
    },
    "nixpkgs": {
      "locked": {
        "lastModified": 1760872779,
        "narHash": "sha256-c5C907Raf9eY8f1NUXYeju9aUDlm227s/V0OptEbypA=",
        "owner": "NixOS",
        "repo": "nixpkgs",
        "rev": "63bdb5d90fa2fa11c42f9716ad1e23565613b07c",
        "type": "github"
      },
      "original": {
        "owner": "NixOS",
        "ref": "nixpkgs-unstable",
        "repo": "nixpkgs",
        "type": "github"
      }
    },
    "nixpkgs-lib": {
      "locked": {
        "lastModified": 1754788789,
        "narHash": "sha256-x2rJ+Ovzq0sCMpgfgGaaqgBSwY+LST+WbZ6TytnT9Rk=",
        "owner": "nix-community",
        "repo": "nixpkgs.lib",
        "rev": "a73b9c743612e4244d865a2fdee11865283c04e6",
        "type": "github"
      },
      "original": {
        "owner": "nix-community",
        "repo": "nixpkgs.lib",
        "type": "github"
      }
    },
    "root": {
      "inputs": {
        "flake-parts": "flake-parts",
        "nixpkgs": "nixpkgs"
      }
    }
  },
  "root": "root",
  "version": 7
}
